
Microsoft Visual Studio Solution File, Format Version 12.00
# Visual Studio Version 16
VisualStudioVersion = 16.0.30711.63
MinimumVisualStudioVersion = 10.0.40219.1
Project("{FAE04EC0-301F-11D3-BF4B-00C04F79EFBC}") = "ConsoleTest", "ConsoleTest\ConsoleTest.csproj", "{710FE296-3E50-4073-A802-3A3C667FC8EA}"
EndProject
Global
	GlobalSection(SolutionConfigurationPlatforms) = preSolution
		Debug|Any CPU = Debug|Any CPU
		Release|Any CPU = Release|Any CPU
	EndGlobalSection
	GlobalSection(ProjectConfigurationPlatforms) = postSolution
		{710FE296-3E50-4073-A802-3A3C667FC8EA}.Debug|Any CPU.ActiveCfg = Debug|Any CPU
		{710FE296-3E50-4073-A802-3A3C667FC8EA}.Debug|Any CPU.Build.0 = Debug|Any CPU
		{710FE296-3E50-4073-A802-3A3C667FC8EA}.Release|Any CPU.ActiveCfg = Release|Any CPU
		{710FE296-3E50-4073-A802-3A3C667FC8EA}.Release|Any CPU.Build.0 = Release|Any CPU
	EndGlobalSection
	GlobalSection(SolutionProperties) = preSolution
		HideSolutionNode = FALSE
	EndGlobalSection
	GlobalSection(ExtensibilityGlobals) = postSolution
		SolutionGuid = {70E3DFE3-5B09-465A-97B2-1850CCBB743C}
	EndGlobalSection
EndGlobal
